dependencies:
  idf:
    source:
      type: idf
    version: 6.0.1
  olikraus/u8g2:
    component_hash: 82c3aa9180dd3a3a9388f2212b8b2663bbec014f8191c4f14f688bbc9c6fce42
    dependencies: []
    source:
      git: https://github.com/olikraus/u8g2.git
      path: .
      type: git
    version: ab9e48b2228351e9476682a70b7f3ee4909cd585
direct_dependencies:
- idf
- olikraus/u8g2
manifest_hash: 54f7c360e575d1664ef43e845bc4fa89eb06ffa1bf1c0b19b0191fbb08b93b9c
target: esp32s3
version: 2.0.0
